
Microsoft Visual Studio Solution File, Format Version 12.00
# Visual Studio Version 17
VisualStudioVersion = 17.14.37111.16
MinimumVisualStudioVersion = 10.0.40219.1
Project("{FAE04EC0-301F-11D3-BF4B-00C04F79EFBC}") = "StadiumGateSystem", "StadiumGateSystem\StadiumGateSystem.csproj", "{F19EF1E9-7872-4897-9361-6362E8471B9D}"
EndProject
Project("{FAE04EC0-301F-11D3-BF4B-00C04F79EFBC}") = "StadiumGateSystem.Test", "StadiumGateSystem.Test\StadiumGateSystem.Test.csproj", "{72CCC236-D0FB-4C18-A591-C27CC5DAE194}"
EndProject
Global
	GlobalSection(SolutionConfigurationPlatforms) = preSolution
		Debug|Any CPU = Debug|Any CPU
		Release|Any CPU = Release|Any CPU
	EndGlobalSection
	GlobalSection(ProjectConfigurationPlatforms) = postSolution
		{F19EF1E9-7872-4897-9361-6362E8471B9D}.Debug|Any CPU.ActiveCfg = Debug|Any CPU
		{F19EF1E9-7872-4897-9361-6362E8471B9D}.Debug|Any CPU.Build.0 = Debug|Any CPU
		{F19EF1E9-7872-4897-9361-6362E8471B9D}.Release|Any CPU.ActiveCfg = Release|Any CPU
		{F19EF1E9-7872-4897-9361-6362E8471B9D}.Release|Any CPU.Build.0 = Release|Any CPU
		{72CCC236-D0FB-4C18-A591-C27CC5DAE194}.Debug|Any CPU.ActiveCfg = Debug|Any CPU
		{72CCC236-D0FB-4C18-A591-C27CC5DAE194}.Debug|Any CPU.Build.0 = Debug|Any CPU
		{72CCC236-D0FB-4C18-A591-C27CC5DAE194}.Release|Any CPU.ActiveCfg = Release|Any CPU
		{72CCC236-D0FB-4C18-A591-C27CC5DAE194}.Release|Any CPU.Build.0 = Release|Any CPU
	EndGlobalSection
	GlobalSection(SolutionProperties) = preSolution
		HideSolutionNode = FALSE
	EndGlobalSection
	GlobalSection(ExtensibilityGlobals) = postSolution
		SolutionGuid = {1E04188A-2B97-4C20-A9C6-214496432FB4}
	EndGlobalSection
EndGlobal
